PODS:
  - FBSDKCoreKit (5.1.1):
    - FBSDKCoreKit/Basics (= 5.1.1)
    - FBSDKCoreKit/Core (= 5.1.1)
  - FBSDKCoreKit/Basics (5.1.1)
  - FBSDKCoreKit/Core (5.1.1):
    - FBSDKCoreKit/Basics
  - FBSDKLoginKit (5.1.1):
    - FBSDKCoreKit (~> 5.0)

DEPENDENCIES:
  - FBSDKCoreKit (~> 5.1.1)
  - FBSDKLoginKit (~> 5.1.1)

SPEC REPOS:
  https://github.com/cocoapods/specs.git:
    - FBSDKCoreKit
    - FBSDKLoginKit

SPEC CHECKSUMS:
  FBSDKCoreKit: c29b6b65f6a171ca0a317960a622cff62c9ee269
  FBSDKLoginKit: fdaf402766755e1175ed5c0382f25e2e7dab3c2a

PODFILE CHECKSUM: 5b835a8183be8e6f38600821cec8031c4e7f8523

COCOAPODS: 1.5.3
